
Microsoft Visual Studio Solution File, Format Version 12.00
# Visual Studio Version 16
VisualStudioVersion = 16.0.30804.86
MinimumVisualStudioVersion = 10.0.40219.1
Project("{FAE04EC0-301F-11D3-BF4B-00C04F79EFBC}") = "UselessMachineLightSourceFinder", "UselessMachineLightSourceFinder.csproj", "{3296AB77-7160-4A66-8CB4-CD6F5CF1C659}"
EndProject
Project("{FAE04EC0-301F-11D3-BF4B-00C04F79EFBC}") = "UselessMachineLightSourceFinder.UnitTests", "..\UselessMachineLightSourceFinder.UnitTests\UselessMachineLightSourceFinder.UnitTests.csproj", "{8C17BBAF-4D4B-40AA-865E-F8F3EE57ADAE}"
EndProject
Global
	GlobalSection(SolutionConfigurationPlatforms) = preSolution
		Debug|Any CPU = Debug|Any CPU
		Release|Any CPU = Release|Any CPU
	EndGlobalSection
	GlobalSection(ProjectConfigurationPlatforms) = postSolution
		{3296AB77-7160-4A66-8CB4-CD6F5CF1C659}.Debug|Any CPU.ActiveCfg = Debug|Any CPU
		{3296AB77-7160-4A66-8CB4-CD6F5CF1C659}.Debug|Any CPU.Build.0 = Debug|Any CPU
		{3296AB77-7160-4A66-8CB4-CD6F5CF1C659}.Release|Any CPU.ActiveCfg = Release|Any CPU
		{3296AB77-7160-4A66-8CB4-CD6F5CF1C659}.Release|Any CPU.Build.0 = Release|Any CPU
		{8C17BBAF-4D4B-40AA-865E-F8F3EE57ADAE}.Debug|Any CPU.ActiveCfg = Debug|Any CPU
		{8C17BBAF-4D4B-40AA-865E-F8F3EE57ADAE}.Debug|Any CPU.Build.0 = Debug|Any CPU
		{8C17BBAF-4D4B-40AA-865E-F8F3EE57ADAE}.Release|Any CPU.ActiveCfg = Release|Any CPU
		{8C17BBAF-4D4B-40AA-865E-F8F3EE57ADAE}.Release|Any CPU.Build.0 = Release|Any CPU
	EndGlobalSection
	GlobalSection(SolutionProperties) = preSolution
		HideSolutionNode = FALSE
	EndGlobalSection
	GlobalSection(ExtensibilityGlobals) = postSolution
		SolutionGuid = {9401A52C-63BB-4929-9054-1E430D91187F}
	EndGlobalSection
EndGlobal
